
Microsoft Visual Studio Solution File, Format Version 12.00
# Visual Studio Version 16
VisualStudioVersion = 16.0.30114.105
MinimumVisualStudioVersion = 10.0.40219.1
Project("{FAE04EC0-301F-11D3-BF4B-00C04F79EFBC}") = "ArticleSearch", "ArticleSearch\ArticleSearch.csproj", "{C12CF4AC-CBD0-4826-965B-7B916DD47C73}"
EndProject
Project("{FAE04EC0-301F-11D3-BF4B-00C04F79EFBC}") = "SearchEngine", "SearchEngine\SearchEngine.csproj", "{2ADB0898-AA08-4FB2-B888-FEF336176D60}"
EndProject
Global
	GlobalSection(SolutionConfigurationPlatforms) = preSolution
		Debug|Any CPU = Debug|Any CPU
		Release|Any CPU = Release|Any CPU
	EndGlobalSection
	GlobalSection(ProjectConfigurationPlatforms) = postSolution
		{C12CF4AC-CBD0-4826-965B-7B916DD47C73}.Debug|Any CPU.ActiveCfg = Debug|Any CPU
		{C12CF4AC-CBD0-4826-965B-7B916DD47C73}.Debug|Any CPU.Build.0 = Debug|Any CPU
		{C12CF4AC-CBD0-4826-965B-7B916DD47C73}.Release|Any CPU.ActiveCfg = Release|Any CPU
		{C12CF4AC-CBD0-4826-965B-7B916DD47C73}.Release|Any CPU.Build.0 = Release|Any CPU
		{2ADB0898-AA08-4FB2-B888-FEF336176D60}.Debug|Any CPU.ActiveCfg = Debug|Any CPU
		{2ADB0898-AA08-4FB2-B888-FEF336176D60}.Debug|Any CPU.Build.0 = Debug|Any CPU
		{2ADB0898-AA08-4FB2-B888-FEF336176D60}.Release|Any CPU.ActiveCfg = Release|Any CPU
		{2ADB0898-AA08-4FB2-B888-FEF336176D60}.Release|Any CPU.Build.0 = Release|Any CPU
	EndGlobalSection
	GlobalSection(SolutionProperties) = preSolution
		HideSolutionNode = FALSE
	EndGlobalSection
	GlobalSection(ExtensibilityGlobals) = postSolution
		SolutionGuid = {0F73703D-7A42-4177-8DF2-35A7E03FA0F6}
	EndGlobalSection
EndGlobal
